
Microsoft Visual Studio Solution File, Format Version 12.00
# Visual Studio Version 17
VisualStudioVersion = 17.3.32819.101
MinimumVisualStudioVersion = 10.0.40219.1
Project("{8BC9CEB8-8B4A-11D0-8D11-00A0C91BC942}") = "23.3.26", "23.3.26\23.3.26.vcxproj", "{F725915F-71BE-47B9-A956-32F2F705F31C}"
EndProject
Global
	GlobalSection(SolutionConfigurationPlatforms) = preSolution
		Debug|x64 = Debug|x64
		Debug|x86 = Debug|x86
		Release|x64 = Release|x64
		Release|x86 = Release|x86
	EndGlobalSection
	GlobalSection(ProjectConfigurationPlatforms) = postSolution
		{F725915F-71BE-47B9-A956-32F2F705F31C}.Debug|x64.ActiveCfg = Debug|x64
		{F725915F-71BE-47B9-A956-32F2F705F31C}.Debug|x64.Build.0 = Debug|x64
		{F725915F-71BE-47B9-A956-32F2F705F31C}.Debug|x86.ActiveCfg = Debug|Win32
		{F725915F-71BE-47B9-A956-32F2F705F31C}.Debug|x86.Build.0 = Debug|Win32
		{F725915F-71BE-47B9-A956-32F2F705F31C}.Release|x64.ActiveCfg = Release|x64
		{F725915F-71BE-47B9-A956-32F2F705F31C}.Release|x64.Build.0 = Release|x64
		{F725915F-71BE-47B9-A956-32F2F705F31C}.Release|x86.ActiveCfg = Release|Win32
		{F725915F-71BE-47B9-A956-32F2F705F31C}.Release|x86.Build.0 = Release|Win32
	EndGlobalSection
	GlobalSection(SolutionProperties) = preSolution
		HideSolutionNode = FALSE
	EndGlobalSection
	GlobalSection(ExtensibilityGlobals) = postSolution
		SolutionGuid = {A3F0BD74-AD94-48B7-9D0C-55913BC93394}
	EndGlobalSection
EndGlobal
