
Microsoft Visual Studio Solution File, Format Version 12.00
# Visual Studio Version 17
VisualStudioVersion = 17.3.32819.101
MinimumVisualStudioVersion = 10.0.40219.1
Project("{FAE04EC0-301F-11D3-BF4B-00C04F79EFBC}") = "25.1.1 软件构造", "25.1.1 软件构造\25.1.1 软件构造.csproj", "{BF710B54-F04C-4166-BCC2-DD8DE8D3C5A6}"
EndProject
Global
	GlobalSection(SolutionConfigurationPlatforms) = preSolution
		Debug|Any CPU = Debug|Any CPU
		Release|Any CPU = Release|Any CPU
	EndGlobalSection
	GlobalSection(ProjectConfigurationPlatforms) = postSolution
		{BF710B54-F04C-4166-BCC2-DD8DE8D3C5A6}.Debug|Any CPU.ActiveCfg = Debug|Any CPU
		{BF710B54-F04C-4166-BCC2-DD8DE8D3C5A6}.Debug|Any CPU.Build.0 = Debug|Any CPU
		{BF710B54-F04C-4166-BCC2-DD8DE8D3C5A6}.Release|Any CPU.ActiveCfg = Release|Any CPU
		{BF710B54-F04C-4166-BCC2-DD8DE8D3C5A6}.Release|Any CPU.Build.0 = Release|Any CPU
	EndGlobalSection
	GlobalSection(SolutionProperties) = preSolution
		HideSolutionNode = FALSE
	EndGlobalSection
	GlobalSection(ExtensibilityGlobals) = postSolution
		SolutionGuid = {F4858FAE-37C2-4783-8F0D-82A2D4D74629}
	EndGlobalSection
EndGlobal
