
Microsoft Visual Studio Solution File, Format Version 12.00
# Visual Studio Version 17
VisualStudioVersion = 17.3.32819.101
MinimumVisualStudioVersion = 10.0.40219.1
Project("{8BC9CEB8-8B4A-11D0-8D11-00A0C91BC942}") = "25.1.1", "25.1.1\25.1.1.vcxproj", "{DB8ED6B1-D494-464B-B2CA-C99E316BAF53}"
EndProject
Global
	GlobalSection(SolutionConfigurationPlatforms) = preSolution
		Debug|x64 = Debug|x64
		Debug|x86 = Debug|x86
		Release|x64 = Release|x64
		Release|x86 = Release|x86
	EndGlobalSection
	GlobalSection(ProjectConfigurationPlatforms) = postSolution
		{DB8ED6B1-D494-464B-B2CA-C99E316BAF53}.Debug|x64.ActiveCfg = Debug|x64
		{DB8ED6B1-D494-464B-B2CA-C99E316BAF53}.Debug|x64.Build.0 = Debug|x64
		{DB8ED6B1-D494-464B-B2CA-C99E316BAF53}.Debug|x86.ActiveCfg = Debug|Win32
		{DB8ED6B1-D494-464B-B2CA-C99E316BAF53}.Debug|x86.Build.0 = Debug|Win32
		{DB8ED6B1-D494-464B-B2CA-C99E316BAF53}.Release|x64.ActiveCfg = Release|x64
		{DB8ED6B1-D494-464B-B2CA-C99E316BAF53}.Release|x64.Build.0 = Release|x64
		{DB8ED6B1-D494-464B-B2CA-C99E316BAF53}.Release|x86.ActiveCfg = Release|Win32
		{DB8ED6B1-D494-464B-B2CA-C99E316BAF53}.Release|x86.Build.0 = Release|Win32
	EndGlobalSection
	GlobalSection(SolutionProperties) = preSolution
		HideSolutionNode = FALSE
	EndGlobalSection
	GlobalSection(ExtensibilityGlobals) = postSolution
		SolutionGuid = {2BAF1C61-FCF9-45C7-B3EF-56122342455E}
	EndGlobalSection
EndGlobal
